---
lockfileVersion: 1
lockfileVendor: redhat
arches:
- arch: aarch64
  packages:
  - url: https://cdn.redhat.com/content/dist/rhel9/9/aarch64/appstream/os/Packages/n/nmstate-2.2.57-1.el9_7.aarch64.rpm
    repoid: rhel-9-for-aarch64-appstream-rpms
    size: 4140854
    checksum: sha256:4e47be903b3e56ab6b3aaa73647f7fed9510b0aa3ceb2b42bc667b466b63ad03
    name: nmstate
    evr: 2.2.57-1.el9_7
    sourcerpm: nmstate-2.2.57-1.el9_7.src.rpm
  - url: https://cdn.redhat.com/content/dist/rhel9/9/aarch64/appstream/os/Packages/n/nmstate-libs-2.2.57-1.el9_7.aarch64.rpm
    repoid: rhel-9-for-aarch64-appstream-rpms
    size: 3288174
    checksum: sha256:4de214c36608f2531780f78913bb8cc71dbb176a76ad92ef37a900a2a881df7b
    name: nmstate-libs
    evr: 2.2.57-1.el9_7
    sourcerpm: nmstate-2.2.57-1.el9_7.src.rpm
  - url: https://cdn.redhat.com/content/dist/rhel9/9/aarch64/baseos/os/Packages/l/libpkgconf-1.7.3-10.el9.aarch64.rpm
    repoid: rhel-9-for-aarch64-baseos-rpms
    size: 38310
    checksum: sha256:9bdfccf6b092e0683aa6984f7c6caa737b30c0b1495e16abb03b5d1a5f8e787a
    name: libpkgconf
    evr: 1.7.3-10.el9
    sourcerpm: pkgconf-1.7.3-10.el9.src.rpm
  - url: https://cdn.redhat.com/content/dist/rhel9/9/aarch64/baseos/os/Packages/n/NetworkManager-config-server-1.54.0-4.el9_7.noarch.rpm
    repoid: rhel-9-for-aarch64-baseos-rpms
    size: 22648
    checksum: sha256:3fe264b718996d85fcb4551ca0bbf4d0a946cad12981b13fe0f9b76d9dc66aae
    name: NetworkManager-config-server
    evr: 1:1.54.0-4.el9_7
    sourcerpm: NetworkManager-1.54.0-4.el9_7.src.rpm
  - url: https://cdn.redhat.com/content/dist/rhel9/9/aarch64/baseos/os/Packages/p/pkgconf-1.7.3-10.el9.aarch64.rpm
    repoid: rhel-9-for-aarch64-baseos-rpms
    size: 45196
    checksum: sha256:aa38a3951a690d721a815ea8f9b01995a85f35a8540d8075205821011d0385e6
    name: pkgconf
    evr: 1.7.3-10.el9
    sourcerpm: pkgconf-1.7.3-10.el9.src.rpm
  - url: https://cdn.redhat.com/content/dist/rhel9/9/aarch64/baseos/os/Packages/p/pkgconf-m4-1.7.3-10.el9.noarch.rpm
    repoid: rhel-9-for-aarch64-baseos-rpms
    size: 16054
    checksum: sha256:91bafd6e06099451f60288327b275cfcc651822f6145176a157c6b0fa5131e02
    name: pkgconf-m4
    evr: 1.7.3-10.el9
    sourcerpm: pkgconf-1.7.3-10.el9.src.rpm
  - url: https://cdn.redhat.com/content/dist/rhel9/9/aarch64/baseos/os/Packages/p/pkgconf-pkg-config-1.7.3-10.el9.aarch64.rpm
    repoid: rhel-9-for-aarch64-baseos-rpms
    size: 12398
    checksum: sha256:47f1f744f96a2f3d360bc129837738dcebb1ee5032effc4472a891eea1d6a907
    name: pkgconf-pkg-config
    evr: 1.7.3-10.el9
    sourcerpm: pkgconf-1.7.3-10.el9.src.rpm
  - url: https://cdn.redhat.com/content/dist/rhel9/9/aarch64/codeready-builder/os/Packages/n/nmstate-devel-2.2.57-1.el9_7.aarch64.rpm
    repoid: codeready-builder-for-rhel-9-aarch64-rpms
    size: 18247
    checksum: sha256:1a0eab0f713e32fdc7db727c028856841927728c5f0e0a450a548f487e9bc2ff
    name: nmstate-devel
    evr: 2.2.57-1.el9_7
    sourcerpm: nmstate-2.2.57-1.el9_7.src.rpm
  source: []
  module_metadata: []
- arch: ppc64le
  packages:
  - url: https://cdn.redhat.com/content/dist/rhel9/9/ppc64le/appstream/os/Packages/n/nmstate-2.2.57-1.el9_7.ppc64le.rpm
    repoid: rhel-9-for-ppc64le-appstream-rpms
    size: 4729422
    checksum: sha256:7c49b72fe742b9d08463f62085b736a9a783dfab5cc7c26a79398725ef27215b
    name: nmstate
    evr: 2.2.57-1.el9_7
    sourcerpm: nmstate-2.2.57-1.el9_7.src.rpm
  - url: https://cdn.redhat.com/content/dist/rhel9/9/ppc64le/appstream/os/Packages/n/nmstate-libs-2.2.57-1.el9_7.ppc64le.rpm
    repoid: rhel-9-for-ppc64le-appstream-rpms
    size: 3670465
    checksum: sha256:0aae2757152538577d7e2cd4143b6d43ecbb62be174588013db1b67748295e9b
    name: nmstate-libs
    evr: 2.2.57-1.el9_7
    sourcerpm: nmstate-2.2.57-1.el9_7.src.rpm
  - url: https://cdn.redhat.com/content/dist/rhel9/9/ppc64le/baseos/os/Packages/l/libpkgconf-1.7.3-10.el9.ppc64le.rpm
    repoid: rhel-9-for-ppc64le-baseos-rpms
    size: 42712
    checksum: sha256:a96600fec79e7d94523816dc620203e812c4a08c82c07fb3bb62d7e9e6e1f661
    name: libpkgconf
    evr: 1.7.3-10.el9
    sourcerpm: pkgconf-1.7.3-10.el9.src.rpm
  - url: https://cdn.redhat.com/content/dist/rhel9/9/ppc64le/baseos/os/Packages/n/NetworkManager-config-server-1.54.0-4.el9_7.noarch.rpm
    repoid: rhel-9-for-ppc64le-baseos-rpms
    size: 22648
    checksum: sha256:3fe264b718996d85fcb4551ca0bbf4d0a946cad12981b13fe0f9b76d9dc66aae
    name: NetworkManager-config-server
    evr: 1:1.54.0-4.el9_7
    sourcerpm: NetworkManager-1.54.0-4.el9_7.src.rpm
  - url: https://cdn.redhat.com/content/dist/rhel9/9/ppc64le/baseos/os/Packages/p/pkgconf-1.7.3-10.el9.ppc64le.rpm
    repoid: rhel-9-for-ppc64le-baseos-rpms
    size: 46315
    checksum: sha256:a70516a3a8f016a80613bc071586cd653db12a650c4c9f057743125cb7ad7433
    name: pkgconf
    evr: 1.7.3-10.el9
    sourcerpm: pkgconf-1.7.3-10.el9.src.rpm
  - url: https://cdn.redhat.com/content/dist/rhel9/9/ppc64le/baseos/os/Packages/p/pkgconf-m4-1.7.3-10.el9.noarch.rpm
    repoid: rhel-9-for-ppc64le-baseos-rpms
    size: 16054
    checksum: sha256:91bafd6e06099451f60288327b275cfcc651822f6145176a157c6b0fa5131e02
    name: pkgconf-m4
    evr: 1.7.3-10.el9
    sourcerpm: pkgconf-1.7.3-10.el9.src.rpm
  - url: https://cdn.redhat.com/content/dist/rhel9/9/ppc64le/baseos/os/Packages/p/pkgconf-pkg-config-1.7.3-10.el9.ppc64le.rpm
    repoid: rhel-9-for-ppc64le-baseos-rpms
    size: 12416
    checksum: sha256:1d641be62db76b074f4ca2d6b470d85dcf806d96e2c834337482a73984db1979
    name: pkgconf-pkg-config
    evr: 1.7.3-10.el9
    sourcerpm: pkgconf-1.7.3-10.el9.src.rpm
  - url: https://cdn.redhat.com/content/dist/rhel9/9/ppc64le/codeready-builder/os/Packages/n/nmstate-devel-2.2.57-1.el9_7.ppc64le.rpm
    repoid: codeready-builder-for-rhel-9-ppc64le-rpms
    size: 18264
    checksum: sha256:1cb8b8f29ee845afb1474a4794ca80ba7c534e2d54683a323362a59c09a010f7
    name: nmstate-devel
    evr: 2.2.57-1.el9_7
    sourcerpm: nmstate-2.2.57-1.el9_7.src.rpm
  source: []
  module_metadata: []
- arch: s390x
  packages:
  - url: https://cdn.redhat.com/content/dist/rhel9/9/s390x/appstream/os/Packages/n/nmstate-2.2.57-1.el9_7.s390x.rpm
    repoid: rhel-9-for-s390x-appstream-rpms
    size: 4607342
    checksum: sha256:890c028d7277f880a8d070a29216dc8ea1ecc94818f5112d14ab93af11aeda0f
    name: nmstate
    evr: 2.2.57-1.el9_7
    sourcerpm: nmstate-2.2.57-1.el9_7.src.rpm
  - url: https://cdn.redhat.com/content/dist/rhel9/9/s390x/appstream/os/Packages/n/nmstate-libs-2.2.57-1.el9_7.s390x.rpm
    repoid: rhel-9-for-s390x-appstream-rpms
    size: 3580664
    checksum: sha256:072447922589ee59d58b656c7974b2ceff8899201bde4fd70a4953f66c4d38cf
    name: nmstate-libs
    evr: 2.2.57-1.el9_7
    sourcerpm: nmstate-2.2.57-1.el9_7.src.rpm
  - url: https://cdn.redhat.com/content/dist/rhel9/9/s390x/baseos/os/Packages/l/libpkgconf-1.7.3-10.el9.s390x.rpm
    repoid: rhel-9-for-s390x-baseos-rpms
    size: 37876
    checksum: sha256:fa1da3b44d85663cceaa0faf8eb5f2f7325cc83c381d6018f303edd06cab5938
    name: libpkgconf
    evr: 1.7.3-10.el9
    sourcerpm: pkgconf-1.7.3-10.el9.src.rpm
  - url: https://cdn.redhat.com/content/dist/rhel9/9/s390x/baseos/os/Packages/n/NetworkManager-config-server-1.54.0-4.el9_7.noarch.rpm
    repoid: rhel-9-for-s390x-baseos-rpms
    size: 22648
    checksum: sha256:3fe264b718996d85fcb4551ca0bbf4d0a946cad12981b13fe0f9b76d9dc66aae
    name: NetworkManager-config-server
    evr: 1:1.54.0-4.el9_7
    sourcerpm: NetworkManager-1.54.0-4.el9_7.src.rpm
  - url: https://cdn.redhat.com/content/dist/rhel9/9/s390x/baseos/os/Packages/p/pkgconf-1.7.3-10.el9.s390x.rpm
    repoid: rhel-9-for-s390x-baseos-rpms
    size: 45258
    checksum: sha256:a5f966f792cacc4696e4187593a915fb56452dd272cf4c81d930968adb3ee00c
    name: pkgconf
    evr: 1.7.3-10.el9
    sourcerpm: pkgconf-1.7.3-10.el9.src.rpm
  - url: https://cdn.redhat.com/content/dist/rhel9/9/s390x/baseos/os/Packages/p/pkgconf-m4-1.7.3-10.el9.noarch.rpm
    repoid: rhel-9-for-s390x-baseos-rpms
    size: 16054
    checksum: sha256:91bafd6e06099451f60288327b275cfcc651822f6145176a157c6b0fa5131e02
    name: pkgconf-m4
    evr: 1.7.3-10.el9
    sourcerpm: pkgconf-1.7.3-10.el9.src.rpm
  - url: https://cdn.redhat.com/content/dist/rhel9/9/s390x/baseos/os/Packages/p/pkgconf-pkg-config-1.7.3-10.el9.s390x.rpm
    repoid: rhel-9-for-s390x-baseos-rpms
    size: 12411
    checksum: sha256:ef854bfe75102d994afb58510121164c4b9b8359b7d983cd8904c425a175b750
    name: pkgconf-pkg-config
    evr: 1.7.3-10.el9
    sourcerpm: pkgconf-1.7.3-10.el9.src.rpm
  - url: https://cdn.redhat.com/content/dist/rhel9/9/s390x/codeready-builder/os/Packages/n/nmstate-devel-2.2.57-1.el9_7.s390x.rpm
    repoid: codeready-builder-for-rhel-9-s390x-rpms
    size: 18257
    checksum: sha256:c5b218a3007b68b8cb3a07277dff65de14f2de38f297c7bd2cf8445bc2da79ac
    name: nmstate-devel
    evr: 2.2.57-1.el9_7
    sourcerpm: nmstate-2.2.57-1.el9_7.src.rpm
  source: []
  module_metadata: []
- arch: x86_64
  packages:
  - url: https://cdn.redhat.com/content/dist/rhel9/9/x86_64/appstream/os/Packages/n/nmstate-2.2.57-1.el9_7.x86_64.rpm
    repoid: rhel-9-for-x86_64-appstream-rpms
    size: 4386129
    checksum: sha256:778e75caf40065d86905e7645eda298a18f4f48dab05a5f6338491f07a66bd6d
    name: nmstate
    evr: 2.2.57-1.el9_7
    sourcerpm: nmstate-2.2.57-1.el9_7.src.rpm
  - url: https://cdn.redhat.com/content/dist/rhel9/9/x86_64/appstream/os/Packages/n/nmstate-libs-2.2.57-1.el9_7.x86_64.rpm
    repoid: rhel-9-for-x86_64-appstream-rpms
    size: 3482710
    checksum: sha256:8dbc1717236eec80f0524ad2923b881b637a6b28c4c8371f4d6cc17488252f0c
    name: nmstate-libs
    evr: 2.2.57-1.el9_7
    sourcerpm: nmstate-2.2.57-1.el9_7.src.rpm
  - url: https://cdn.redhat.com/content/dist/rhel9/9/x86_64/baseos/os/Packages/l/libpkgconf-1.7.3-10.el9.x86_64.rpm
    repoid: rhel-9-for-x86_64-baseos-rpms
    size: 38387
    checksum: sha256:4feae5941b73640bd86b8d506a657cac5b770043db1464fbcd207721b2159dda
    name: libpkgconf
    evr: 1.7.3-10.el9
    sourcerpm: pkgconf-1.7.3-10.el9.src.rpm
  - url: https://cdn.redhat.com/content/dist/rhel9/9/x86_64/baseos/os/Packages/n/NetworkManager-config-server-1.54.0-4.el9_7.noarch.rpm
    repoid: rhel-9-for-x86_64-baseos-rpms
    size: 22648
    checksum: sha256:3fe264b718996d85fcb4551ca0bbf4d0a946cad12981b13fe0f9b76d9dc66aae
    name: NetworkManager-config-server
    evr: 1:1.54.0-4.el9_7
    sourcerpm: NetworkManager-1.54.0-4.el9_7.src.rpm
  - url: https://cdn.redhat.com/content/dist/rhel9/9/x86_64/baseos/os/Packages/p/pkgconf-1.7.3-10.el9.x86_64.rpm
    repoid: rhel-9-for-x86_64-baseos-rpms
    size: 45675
    checksum: sha256:bb47b4ecc499c308f41031a99e723827d152d5d750f59849d0c265d820944a26
    name: pkgconf
    evr: 1.7.3-10.el9
    sourcerpm: pkgconf-1.7.3-10.el9.src.rpm
  - url: https://cdn.redhat.com/content/dist/rhel9/9/x86_64/baseos/os/Packages/p/pkgconf-m4-1.7.3-10.el9.noarch.rpm
    repoid: rhel-9-for-x86_64-baseos-rpms
    size: 16054
    checksum: sha256:91bafd6e06099451f60288327b275cfcc651822f6145176a157c6b0fa5131e02
    name: pkgconf-m4
    evr: 1.7.3-10.el9
    sourcerpm: pkgconf-1.7.3-10.el9.src.rpm
  - url: https://cdn.redhat.com/content/dist/rhel9/9/x86_64/baseos/os/Packages/p/pkgconf-pkg-config-1.7.3-10.el9.x86_64.rpm
    repoid: rhel-9-for-x86_64-baseos-rpms
    size: 12438
    checksum: sha256:9a502d81d73d3303ceb53a06ad7ce525c97117ea64352174a33708bf3429283d
    name: pkgconf-pkg-config
    evr: 1.7.3-10.el9
    sourcerpm: pkgconf-1.7.3-10.el9.src.rpm
  - url: https://cdn.redhat.com/content/dist/rhel9/9/x86_64/codeready-builder/os/Packages/n/nmstate-devel-2.2.57-1.el9_7.x86_64.rpm
    repoid: codeready-builder-for-rhel-9-x86_64-rpms
    size: 18286
    checksum: sha256:1e9ddbe9f1404c3b2bac4d0d579e39431892ea0af7381903ad0c818e94cee17f
    name: nmstate-devel
    evr: 2.2.57-1.el9_7
    sourcerpm: nmstate-2.2.57-1.el9_7.src.rpm
  source: []
  module_metadata: []
